
Microsoft Visual Studio Solution File, Format Version 12.00
# Visual Studio Version 16
VisualStudioVersion = 16.0.30011.22
MinimumVisualStudioVersion = 10.0.40219.1
Project("{9A19103F-16F7-4668-BE54-9A1E7A4F7556}") = "CollectionsArray", "Collections\CollectionsArray.csproj", "{E979FA59-887D-420F-B4DE-ED651BC203DB}"
EndProject
Project("{9A19103F-16F7-4668-BE54-9A1E7A4F7556}") = "ReadAllCountries", "TopTenPops\ReadAllCountries.csproj", "{CD1EC70C-162D-467E-A095-CFD2E596F9F8}"
EndProject
Project("{FAE04EC0-301F-11D3-BF4B-00C04F79EFBC}") = "CollectionsDictionary", "CollectionsDictionary\CollectionsDictionary.csproj", "{20CA9FCA-6D53-43A1-A3C0-8CB44AF88B54}"
EndProject
Global
	GlobalSection(SolutionConfigurationPlatforms) = preSolution
		Debug|Any CPU = Debug|Any CPU
		Release|Any CPU = Release|Any CPU
	EndGlobalSection
	GlobalSection(ProjectConfigurationPlatforms) = postSolution
		{E979FA59-887D-420F-B4DE-ED651BC203DB}.Debug|Any CPU.ActiveCfg = Debug|Any CPU
		{E979FA59-887D-420F-B4DE-ED651BC203DB}.Debug|Any CPU.Build.0 = Debug|Any CPU
		{E979FA59-887D-420F-B4DE-ED651BC203DB}.Release|Any CPU.ActiveCfg = Release|Any CPU
		{E979FA59-887D-420F-B4DE-ED651BC203DB}.Release|Any CPU.Build.0 = Release|Any CPU
		{CD1EC70C-162D-467E-A095-CFD2E596F9F8}.Debug|Any CPU.ActiveCfg = Debug|Any CPU
		{CD1EC70C-162D-467E-A095-CFD2E596F9F8}.Debug|Any CPU.Build.0 = Debug|Any CPU
		{CD1EC70C-162D-467E-A095-CFD2E596F9F8}.Release|Any CPU.ActiveCfg = Release|Any CPU
		{CD1EC70C-162D-467E-A095-CFD2E596F9F8}.Release|Any CPU.Build.0 = Release|Any CPU
		{20CA9FCA-6D53-43A1-A3C0-8CB44AF88B54}.Debug|Any CPU.ActiveCfg = Debug|Any CPU
		{20CA9FCA-6D53-43A1-A3C0-8CB44AF88B54}.Debug|Any CPU.Build.0 = Debug|Any CPU
		{20CA9FCA-6D53-43A1-A3C0-8CB44AF88B54}.Release|Any CPU.ActiveCfg = Release|Any CPU
		{20CA9FCA-6D53-43A1-A3C0-8CB44AF88B54}.Release|Any CPU.Build.0 = Release|Any CPU
	EndGlobalSection
	GlobalSection(SolutionProperties) = preSolution
		HideSolutionNode = FALSE
	EndGlobalSection
	GlobalSection(ExtensibilityGlobals) = postSolution
		SolutionGuid = {E656ECFE-6285-4FAA-B877-2DC563FF02EF}
	EndGlobalSection
EndGlobal
